
Microsoft Visual Studio Solution File, Format Version 12.00
# Visual Studio Version 16
VisualStudioVersion = 16.0.29728.190
MinimumVisualStudioVersion = 10.0.40219.1
Project("{FAE04EC0-301F-11D3-BF4B-00C04F79EFBC}") = "MVCWebApp", "MVCWebApp\MVCWebApp.csproj", "{4F6A6615-C65B-41C9-9D39-16FEC0A7A7F0}"
EndProject
Global
	GlobalSection(SolutionConfigurationPlatforms) = preSolution
		Debug|Any CPU = Debug|Any CPU
		Release|Any CPU = Release|Any CPU
	EndGlobalSection
	GlobalSection(ProjectConfigurationPlatforms) = postSolution
		{4F6A6615-C65B-41C9-9D39-16FEC0A7A7F0}.Debug|Any CPU.ActiveCfg = Debug|Any CPU
		{4F6A6615-C65B-41C9-9D39-16FEC0A7A7F0}.Debug|Any CPU.Build.0 = Debug|Any CPU
		{4F6A6615-C65B-41C9-9D39-16FEC0A7A7F0}.Release|Any CPU.ActiveCfg = Release|Any CPU
		{4F6A6615-C65B-41C9-9D39-16FEC0A7A7F0}.Release|Any CPU.Build.0 = Release|Any CPU
	EndGlobalSection
	GlobalSection(SolutionProperties) = preSolution
		HideSolutionNode = FALSE
	EndGlobalSection
	GlobalSection(ExtensibilityGlobals) = postSolution
		SolutionGuid = {EE4CFFE3-4D53-4CF2-A220-887F305DB710}
	EndGlobalSection
EndGlobal
